<?xml version="1.0" encoding="utf-8"?>
<Project ToolsVersion="4.0" xmlns="http://schemas.microsoft.com/developer/msbuild/2003">
  <ItemGroup>
    <Filter Include="Source Files">
      <UniqueIdentifier>{4FC737F1-C7A5-4376-A066-2A32D752A2FF}</UniqueIdentifier>
      <Extensions>cpp;c;cc;cxx;def;odl;idl;hpj;bat;asm;asmx</Extensions>
    </Filter>
    <Filter Include="Header Files">
      <UniqueIdentifier>{93995380-89BD-4b04-88EB-625FBE52EBFB}</UniqueIdentifier>
      <Extensions>h;hh;hpp;hxx;hm;inl;inc;ipp;xsd</Extensions>
    </Filter>
    <Filter Include="Resource Files">
      <UniqueIdentifier>{67DA6AB6-F800-4c08-8B7A-83BB121AAD01}</UniqueIdentifier>
      <Extensions>rc;ico;cur;bmp;dlg;rc2;rct;bin;rgs;gif;jpg;jpeg;jpe;resx;tiff;tif;png;wav;mfcribbon-ms</Extensions>
    </Filter>
    <Filter Include="Resource Files\scripts">
      <UniqueIdentifier>{c049f3c1-b34b-4701-b258-8021ad91581b}</UniqueIdentifier>
    </Filter>
    <Filter Include="Resource Files\fonts">
      <UniqueIdentifier>{8f0f8b61-cdee-4bff-84a1-04293ebead5d}</UniqueIdentifier>
    </Filter>
    <Filter Include="Resource Files\music">
      <UniqueIdentifier>{cee022a1-b654-47c4-bc85-f11ec4d003e0}</UniqueIdentifier>
    </Filter>
    <Filter Include="Resource Files\tiled">
      <UniqueIdentifier>{5950c417-6eb3-4736-9195-01df363fc32f}</UniqueIdentifier>
    </Filter>
    <Filter Include="Resource Files\tiled\tilesets">
      <UniqueIdentifier>{a0e5098b-3fb6-42bb-a795-2c709434deec}</UniqueIdentifier>
    </Filter>
    <Filter Include="Resource Files\tiled\images">
      <UniqueIdentifier>{d39ca75b-20d5-4967-9366-e6317e9ad5ed}</UniqueIdentifier>
    </Filter>
    <Filter Include="Resource Files\images">
      <UniqueIdentifier>{3cd8adf5-04c2-4d95-9d40-6722f551f19b}</UniqueIdentifier>
    </Filter>
    <Filter Include="Resource Files\tiled\maps">
      <UniqueIdentifier>{e37cd8a9-b9ed-47c0-aa54-8032d3ea45b7}</UniqueIdentifier>
    </Filter>
    <Filter Include="Resource Files\tiled\templates">
      <UniqueIdentifier>{2a25f002-c50d-4922-9a91-2bb6e5abe325}</UniqueIdentifier>
    </Filter>
  </ItemGroup>
  <ItemGroup>
    <ClInclude Include="src\resource.h">
      <Filter>Header Files</Filter>
    </ClInclude>
    <ClInclude Include="src\game\Level.h">
      <Filter>Header Files</Filter>
    </ClInclude>
    <ClInclude Include="src\game\DungeonGame.h">
      <Filter>Header Files</Filter>
    </ClInclude>
    <ClInclude Include="src\game\GameObject.h">
      <Filter>Header Files</Filter>
    </ClInclude>
    <ClInclude Include="src\game\Player.h">
      <Filter>Header Files</Filter>
    </ClInclude>
    <ClInclude Include="src\dng_engine\XMLHelper.h">
      <Filter>Header Files</Filter>
    </ClInclude>
    <ClInclude Include="src\dng_engine\Animation.h">
      <Filter>Header Files</Filter>
    </ClInclude>
    <ClInclude Include="src\dng_engine\Camera.h">
      <Filter>Header Files</Filter>
    </ClInclude>
    <ClInclude Include="src\dng_engine\Defines.h">
      <Filter>Header Files</Filter>
    </ClInclude>
    <ClInclude Include="src\dng_engine\DungeonEngine.h">
      <Filter>Header Files</Filter>
    </ClInclude>
    <ClInclude Include="src\dng_engine\GraphicAssets.h">
      <Filter>Header Files</Filter>
    </ClInclude>
    <ClInclude Include="src\dng_engine\LuaHandler.h">
      <Filter>Header Files</Filter>
    </ClInclude>
    <ClInclude Include="src\dng_engine\TiledMap.h">
      <Filter>Header Files</Filter>
    </ClInclude>
    <ClInclude Include="src\dng_engine\Vector2.h">
      <Filter>Header Files</Filter>
    </ClInclude>
    <ClInclude Include="src\dng_engine\TextFont.h">
      <Filter>Header Files</Filter>
    </ClInclude>
    <ClInclude Include="src\dng_engine\SpriteSheet.h">
      <Filter>Header Files</Filter>
    </ClInclude>
    <ClInclude Include="src\dng_engine\Game.h">
      <Filter>Header Files</Filter>
    </ClInclude>
    <ClInclude Include="src\dng_engine\Music.h">
      <Filter>Header Files</Filter>
    </ClInclude>
  </ItemGroup>
  <ItemGroup>
    <None Include="res\dungeon_engine.aps" />
    <None Include="README.md" />
    <None Include="LICENSE" />
    <None Include=".gitignore" />
    <None Include=".gitattributes" />
    <None Include="res\images\worldmap.tmx">
      <Filter>Resource Files\tiled\maps</Filter>
    </None>
    <None Include="res\music\ex-aws_cave.xm">
      <Filter>Resource Files\music</Filter>
    </None>
    <None Include="res\images\dg_features32.tsx">
      <Filter>Resource Files\tiled\tilesets</Filter>
    </None>
    <None Include="res\images\dg_grounds32.tsx">
      <Filter>Resource Files\tiled\tilesets</Filter>
    </None>
    <None Include="res\images\dg_humans32.tsx">
      <Filter>Resource Files\tiled\tilesets</Filter>
    </None>
    <None Include="res\images\dg_town332.tsx">
      <Filter>Resource Files\tiled\tilesets</Filter>
    </None>
    <None Include="res\images\npc.tx">
      <Filter>Resource Files\tiled\templates</Filter>
    </None>
    <None Include="res\images\dungeon_engine.tiled-project">
      <Filter>Resource Files\tiled</Filter>
    </None>
    <None Include="res\images\dungeon_engine.tiled-session">
      <Filter>Resource Files\tiled</Filter>
    </None>
    <None Include="appveyor.yml" />
  </ItemGroup>
  <ItemGroup>
    <Image Include="res\fonts\vingue.png">
      <Filter>Resource Files\fonts</Filter>
    </Image>
    <Image Include="res\images\dg_armor32.png">
      <Filter>Resource Files\tiled\images</Filter>
    </Image>
    <Image Include="res\images\dg_extra132.png">
      <Filter>Resource Files\tiled\images</Filter>
    </Image>
    <Image Include="res\images\dg_classm32.png">
      <Filter>Resource Files\tiled\images</Filter>
    </Image>
    <Image Include="res\images\dg_features32.png">
      <Filter>Resource Files\tiled\images</Filter>
    </Image>
    <Image Include="res\images\dg_people32.png">
      <Filter>Resource Files\tiled\images</Filter>
    </Image>
    <Image Include="res\images\dg_weapons32.png">
      <Filter>Resource Files\tiled\images</Filter>
    </Image>
    <Image Include="res\images\dg_town332.png">
      <Filter>Resource Files\tiled\images</Filter>
    </Image>
    <Image Include="res\images\dg_food32.png">
      <Filter>Resource Files\tiled\images</Filter>
    </Image>
    <Image Include="res\images\dg_grounds32.png">
      <Filter>Resource Files\tiled\images</Filter>
    </Image>
    <Image Include="res\images\dg_humans32.png">
      <Filter>Resource Files\tiled\images</Filter>
    </Image>
    <Image Include="res\images\dg_misc32.png">
      <Filter>Resource Files\tiled\images</Filter>
    </Image>
    <Image Include="res\dg.ico">
      <Filter>Resource Files\images</Filter>
    </Image>
    <Image Include="res\images\mouse_cursor.png">
      <Filter>Resource Files\images</Filter>
    </Image>
  </ItemGroup>
  <ItemGroup>
    <ClCompile Include="src\game\DungeonGame.cpp">
      <Filter>Source Files</Filter>
    </ClCompile>
    <ClCompile Include="src\game\GameObject.cpp">
      <Filter>Source Files</Filter>
    </ClCompile>
    <ClCompile Include="src\game\Player.cpp">
      <Filter>Source Files</Filter>
    </ClCompile>
    <ClCompile Include="src\game\Level.cpp">
      <Filter>Source Files</Filter>
    </ClCompile>
    <ClCompile Include="src\dng_engine\XMLHelper.cpp">
      <Filter>Source Files</Filter>
    </ClCompile>
    <ClCompile Include="src\dng_engine\Animation.cpp">
      <Filter>Source Files</Filter>
    </ClCompile>
    <ClCompile Include="src\dng_engine\Camera.cpp">
      <Filter>Source Files</Filter>
    </ClCompile>
    <ClCompile Include="src\dng_engine\Defines.cpp">
      <Filter>Source Files</Filter>
    </ClCompile>
    <ClCompile Include="src\dng_engine\DungeonEngine.cpp">
      <Filter>Source Files</Filter>
    </ClCompile>
    <ClCompile Include="src\dng_engine\GraphicAssets.cpp">
      <Filter>Source Files</Filter>
    </ClCompile>
    <ClCompile Include="src\dng_engine\LuaHandler.cpp">
      <Filter>Source Files</Filter>
    </ClCompile>
    <ClCompile Include="src\dng_engine\Vector2.cpp">
      <Filter>Source Files</Filter>
    </ClCompile>
    <ClCompile Include="src\dng_engine\TiledMap.cpp">
      <Filter>Source Files</Filter>
    </ClCompile>
    <ClCompile Include="src\dng_engine\TextFont.cpp">
      <Filter>Source Files</Filter>
    </ClCompile>
    <ClCompile Include="src\dng_engine\SpriteSheet.cpp">
      <Filter>Source Files</Filter>
    </ClCompile>
    <ClCompile Include="src\dng_engine\Game.cpp">
      <Filter>Source Files</Filter>
    </ClCompile>
    <ClCompile Include="src\main.cpp">
      <Filter>Source Files</Filter>
    </ClCompile>
    <ClCompile Include="src\dng_engine\Music.cpp">
      <Filter>Source Files</Filter>
    </ClCompile>
  </ItemGroup>
  <ItemGroup>
    <ResourceCompile Include="res\dungeon_engine.rc">
      <Filter>Resource Files</Filter>
    </ResourceCompile>
  </ItemGroup>
  <ItemGroup>
    <Text Include="res\scripts\script.lua">
      <Filter>Resource Files\scripts</Filter>
    </Text>
  </ItemGroup>
  <ItemGroup>
    <Xml Include="res\fonts\vingue.xml">
      <Filter>Resource Files\fonts</Filter>
    </Xml>
  </ItemGroup>
</Project>